<?xml version="1.0" encoding="utf-8"?>
<Project ToolsVersion="4.0" xmlns="http://schemas.microsoft.com/developer/msbuild/2003">
  <ItemGroup>
    <Filter Include="Source Files">
      <UniqueIdentifier>{4FC737F1-C7A5-4376-A066-2A32D752A2FF}</UniqueIdentifier>
      <Extensions>cpp;c;cc;cxx;def;odl;idl;hpj;bat;asm;asmx</Extensions>
    </Filter>
    <Filter Include="Header Files">
      <UniqueIdentifier>{93995380-89BD-4b04-88EB-625FBE52EBFB}</UniqueIdentifier>
      <Extensions>h;hpp;hxx;hm;inl;inc;xsd</Extensions>
    </Filter>
    <Filter Include="Resource Files">
      <UniqueIdentifier>{67DA6AB6-F800-4c08-8B7A-83BB121AAD01}</UniqueIdentifier>
      <Extensions>rc;ico;cur;bmp;dlg;rc2;rct;bin;rgs;gif;jpg;jpeg;jpe;resx;tiff;tif;png;wav;mfcribbon-ms</Extensions>
    </Filter>
    <Filter Include="Header Files\rules">
      <UniqueIdentifier>{157b949c-1f3f-4960-a7cf-3a1033db931c}</UniqueIdentifier>
    </Filter>
    <Filter Include="Header Files\board">
      <UniqueIdentifier>{0b92fca3-892f-4792-a5c2-649e8bfa4068}</UniqueIdentifier>
    </Filter>
    <Filter Include="Source Files\board">
      <UniqueIdentifier>{2c7fb852-223e-4548-8a1e-e0444f2a340b}</UniqueIdentifier>
    </Filter>
    <Filter Include="Header Files\utils">
      <UniqueIdentifier>{cc70d3cd-efd0-40c6-9310-d0e779421e4e}</UniqueIdentifier>
    </Filter>
    <Filter Include="Source Files\utils">
      <UniqueIdentifier>{5f168311-fc6d-452b-ad4e-2bec86d81636}</UniqueIdentifier>
    </Filter>
    <Filter Include="Header Files\evaluate">
      <UniqueIdentifier>{752cc172-a8a2-4e78-807c-71e8cfb43e8b}</UniqueIdentifier>
    </Filter>
    <Filter Include="Header Files\walk">
      <UniqueIdentifier>{08df25bd-c71b-4435-aa40-8daf348bcfaf}</UniqueIdentifier>
    </Filter>
    <Filter Include="Header Files\generate">
      <UniqueIdentifier>{0474e3f4-afb4-4dd1-8554-2a1819948d56}</UniqueIdentifier>
    </Filter>
    <Filter Include="Header Files\hash">
      <UniqueIdentifier>{bcfec1e3-7753-4ca3-829c-7ed30566ed03}</UniqueIdentifier>
    </Filter>
    <Filter Include="Header Files\hash\zobrist">
      <UniqueIdentifier>{fe52db01-07dc-4621-ac60-23dd2d94e311}</UniqueIdentifier>
    </Filter>
    <Filter Include="Header Files\hash\jenkins">
      <UniqueIdentifier>{3240917a-3615-4230-9768-71ef1284badf}</UniqueIdentifier>
    </Filter>
    <Filter Include="Header Files\node">
      <UniqueIdentifier>{4c3aecbc-0823-49f5-9e6f-a7cab95cde43}</UniqueIdentifier>
    </Filter>
    <Filter Include="Header Files\search">
      <UniqueIdentifier>{9fddec3a-719a-4e47-85bc-d08933240bdb}</UniqueIdentifier>
    </Filter>
    <Filter Include="Source Files\evaluate">
      <UniqueIdentifier>{19fee193-8fd5-4886-b224-6b0a9b47f1dc}</UniqueIdentifier>
    </Filter>
    <Filter Include="Source Files\walk">
      <UniqueIdentifier>{e71125f1-3d07-44fd-a3a7-36de5984988b}</UniqueIdentifier>
    </Filter>
    <Filter Include="Source Files\generate">
      <UniqueIdentifier>{2856444e-4021-4335-8d96-cbec057a2cfb}</UniqueIdentifier>
    </Filter>
    <Filter Include="Source Files\hash">
      <UniqueIdentifier>{de78291a-5669-4a63-8848-e155042d8fda}</UniqueIdentifier>
    </Filter>
    <Filter Include="Source Files\hash\zobrist">
      <UniqueIdentifier>{55ab2cd1-3ba5-43c7-9dc0-4ee17123d3ed}</UniqueIdentifier>
    </Filter>
    <Filter Include="Source Files\hash\jenkins">
      <UniqueIdentifier>{13b7f98f-bb65-4c8f-8cc6-69c389586ac7}</UniqueIdentifier>
    </Filter>
    <Filter Include="Source Files\node">
      <UniqueIdentifier>{3579e545-c666-486d-8e44-133eebd643fe}</UniqueIdentifier>
    </Filter>
    <Filter Include="Source Files\search">
      <UniqueIdentifier>{c0f1e9d7-3f6d-4af6-b601-af60f9961ef1}</UniqueIdentifier>
    </Filter>
    <Filter Include="Header Files\notation">
      <UniqueIdentifier>{3de5be87-4acd-41f5-a670-e7f873eb3ce6}</UniqueIdentifier>
    </Filter>
    <Filter Include="Source Files\notation">
      <UniqueIdentifier>{62304568-ed23-4bae-8b61-16516b2497ec}</UniqueIdentifier>
    </Filter>
    <Filter Include="Source Files\setup">
      <UniqueIdentifier>{8657155b-dd9d-4e1f-b130-2c4dd7da9d59}</UniqueIdentifier>
    </Filter>
    <Filter Include="Header Files\setup">
      <UniqueIdentifier>{c9dee8d4-b1da-4ba6-9ba3-f2b681ade9c5}</UniqueIdentifier>
    </Filter>
    <Filter Include="Source Files\dxp">
      <UniqueIdentifier>{a7ba68ee-d99d-406a-aa4d-6d247f937916}</UniqueIdentifier>
    </Filter>
    <Filter Include="Header Files\dxp">
      <UniqueIdentifier>{1f51466a-5cb9-4151-a65b-518885188d0c}</UniqueIdentifier>
    </Filter>
    <Filter Include="Source Files\pdn">
      <UniqueIdentifier>{4d128ee8-be72-482e-906f-b825b53bd96e}</UniqueIdentifier>
    </Filter>
    <Filter Include="Source Files\checkerboard">
      <UniqueIdentifier>{3a8b08ef-fb3b-4f91-9519-0bba05170bc0}</UniqueIdentifier>
    </Filter>
    <Filter Include="Header Files\checkerboard">
      <UniqueIdentifier>{92420d88-c5e2-4ec9-865b-444bf8ba6477}</UniqueIdentifier>
    </Filter>
    <Filter Include="Header Files\pdn">
      <UniqueIdentifier>{fb9e6f14-ee87-4547-a9ac-3e4d892722e6}</UniqueIdentifier>
    </Filter>
    <Filter Include="Source Files\capture">
      <UniqueIdentifier>{9c0e0474-8175-411e-9584-446a0c2c90dc}</UniqueIdentifier>
    </Filter>
    <Filter Include="Header Files\capture">
      <UniqueIdentifier>{60e7e53c-3491-41d0-b210-b3402a12fb59}</UniqueIdentifier>
    </Filter>
    <Filter Include="Header Files\bit">
      <UniqueIdentifier>{08d76d6a-082c-408f-9dd6-5faf3ac5d47d}</UniqueIdentifier>
    </Filter>
    <Filter Include="Source Files\bit">
      <UniqueIdentifier>{c96d595a-6610-4975-9db7-1d979f7589ff}</UniqueIdentifier>
    </Filter>
  </ItemGroup>
  <ItemGroup>
    <ClInclude Include="src\rules\Checkers.h">
      <Filter>Header Files\rules</Filter>
    </ClInclude>
    <ClInclude Include="src\rules\Czech.h">
      <Filter>Header Files\rules</Filter>
    </ClInclude>
    <ClInclude Include="src\rules\Frisian.h">
      <Filter>Header Files\rules</Filter>
    </ClInclude>
    <ClInclude Include="src\rules\International.h">
      <Filter>Header Files\rules</Filter>
    </ClInclude>
    <ClInclude Include="src\rules\Italian.h">
      <Filter>Header Files\rules</Filter>
    </ClInclude>
    <ClInclude Include="src\rules\Killer.h">
      <Filter>Header Files\rules</Filter>
    </ClInclude>
    <ClInclude Include="src\rules\Pool.h">
      <Filter>Header Files\rules</Filter>
    </ClInclude>
    <ClInclude Include="src\rules\Russian.h">
      <Filter>Header Files\rules</Filter>
    </ClInclude>
    <ClInclude Include="src\rules\Spanish.h">
      <Filter>Header Files\rules</Filter>
    </ClInclude>
    <ClInclude Include="src\rules\Thai.h">
      <Filter>Header Files\rules</Filter>
    </ClInclude>
    <ClInclude Include="src\board\Board.h">
      <Filter>Header Files\board</Filter>
    </ClInclude>
    <ClInclude Include="src\board\Coordinates.h">
      <Filter>Header Files\board</Filter>
    </ClInclude>
    <ClInclude Include="src\board\Direction.h">
      <Filter>Header Files\board</Filter>
    </ClInclude>
    <ClInclude Include="src\board\Board.hpp">
      <Filter>Source Files\board</Filter>
    </ClInclude>
    <ClInclude Include="src\board\Coordinates.hpp">
      <Filter>Source Files\board</Filter>
    </ClInclude>
    <ClInclude Include="src\board\Types.h">
      <Filter>Header Files\board</Filter>
    </ClInclude>
    <ClInclude Include="src\rules\Variants.h">
      <Filter>Header Files\rules</Filter>
    </ClInclude>
    <ClInclude Include="src\board\Grid.h">
      <Filter>Header Files\board</Filter>
    </ClInclude>
    <ClInclude Include="src\board\Angle.h">
      <Filter>Header Files\board</Filter>
    </ClInclude>
    <ClInclude Include="src\board\Angle.hpp">
      <Filter>Source Files\board</Filter>
    </ClInclude>
    <ClInclude Include="src\board\Predicates.h">
      <Filter>Header Files\board</Filter>
    </ClInclude>
    <ClInclude Include="src\board\MetaTemplates.h">
      <Filter>Header Files\board</Filter>
    </ClInclude>
    <ClInclude Include="src\board\Predicates.hpp">
      <Filter>Source Files\board</Filter>
    </ClInclude>
    <ClInclude Include="src\board\MetaTemplates.hpp">
      <Filter>Source Files\board</Filter>
    </ClInclude>
    <ClInclude Include="src\board\Dimensions.h">
      <Filter>Header Files\board</Filter>
    </ClInclude>
    <ClInclude Include="src\board\Dimensions.hpp">
      <Filter>Source Files\board</Filter>
    </ClInclude>
    <ClInclude Include="src\board\Structure.h">
      <Filter>Header Files\board</Filter>
    </ClInclude>
    <ClInclude Include="src\board\Traits.h">
      <Filter>Header Files\board</Filter>
    </ClInclude>
    <ClInclude Include="src\board\Transform.h">
      <Filter>Header Files\board</Filter>
    </ClInclude>
    <ClInclude Include="src\utils\CacheAlign.h">
      <Filter>Header Files\utils</Filter>
    </ClInclude>
    <ClInclude Include="src\utils\IntegerTypes.h">
      <Filter>Header Files\utils</Filter>
    </ClInclude>
    <ClInclude Include="src\utils\Ply.h">
      <Filter>Header Files\utils</Filter>
    </ClInclude>
    <ClInclude Include="src\utils\Shift.h">
      <Filter>Header Files\utils</Filter>
    </ClInclude>
    <ClInclude Include="src\utils\TemplateTricks.h">
      <Filter>Header Files\utils</Filter>
    </ClInclude>
    <ClInclude Include="src\utils\Timer.h">
      <Filter>Header Files\utils</Filter>
    </ClInclude>
    <ClInclude Include="src\utils\Shift.hpp">
      <Filter>Source Files\utils</Filter>
    </ClInclude>
    <ClInclude Include="src\utils\Statistics.h">
      <Filter>Header Files\utils</Filter>
    </ClInclude>
    <ClInclude Include="src\rules\Rules.h">
      <Filter>Header Files\rules</Filter>
    </ClInclude>
    <ClInclude Include="src\search\Transposition.h">
      <Filter>Header Files\search</Filter>
    </ClInclude>
    <ClInclude Include="src\search\Parameters.h">
      <Filter>Header Files\search</Filter>
    </ClInclude>
    <ClInclude Include="src\search\Root.h">
      <Filter>Header Files\search</Filter>
    </ClInclude>
    <ClInclude Include="src\search\Score.h">
      <Filter>Header Files\search</Filter>
    </ClInclude>
    <ClInclude Include="src\search\Algorithms.hpp">
      <Filter>Source Files\search</Filter>
    </ClInclude>
    <ClInclude Include="src\search\Root.hpp">
      <Filter>Source Files\search</Filter>
    </ClInclude>
    <ClInclude Include="src\walk\Transposition.h">
      <Filter>Header Files\walk</Filter>
    </ClInclude>
    <ClInclude Include="src\walk\Root.h">
      <Filter>Header Files\walk</Filter>
    </ClInclude>
    <ClInclude Include="src\walk\Root.hpp">
      <Filter>Source Files\walk</Filter>
    </ClInclude>
    <ClInclude Include="src\generate\TemplateMethodInterface.h">
      <Filter>Header Files\generate</Filter>
    </ClInclude>
    <ClInclude Include="src\generate\BothJumps.h">
      <Filter>Header Files\generate</Filter>
    </ClInclude>
    <ClInclude Include="src\generate\BothMoves.h">
      <Filter>Header Files\generate</Filter>
    </ClInclude>
    <ClInclude Include="src\generate\Driver.h">
      <Filter>Header Files\generate</Filter>
    </ClInclude>
    <ClInclude Include="src\generate\KingJumps.h">
      <Filter>Header Files\generate</Filter>
    </ClInclude>
    <ClInclude Include="src\generate\KingMoves.h">
      <Filter>Header Files\generate</Filter>
    </ClInclude>
    <ClInclude Include="src\generate\PawnJumps.h">
      <Filter>Header Files\generate</Filter>
    </ClInclude>
    <ClInclude Include="src\generate\PawnMoves.h">
      <Filter>Header Files\generate</Filter>
    </ClInclude>
    <ClInclude Include="src\generate\Successors.h">
      <Filter>Header Files\generate</Filter>
    </ClInclude>
    <ClInclude Include="src\generate\TemplateMethod.h">
      <Filter>Header Files\generate</Filter>
    </ClInclude>
    <ClInclude Include="src\generate\Successors.hpp">
      <Filter>Source Files\generate</Filter>
    </ClInclude>
    <ClInclude Include="src\generate\TemplateMethod.hpp">
      <Filter>Source Files\generate</Filter>
    </ClInclude>
    <ClInclude Include="src\generate\BothJumps.hpp">
      <Filter>Source Files\generate</Filter>
    </ClInclude>
    <ClInclude Include="src\generate\BothMoves.hpp">
      <Filter>Source Files\generate</Filter>
    </ClInclude>
    <ClInclude Include="src\generate\Driver.hpp">
      <Filter>Source Files\generate</Filter>
    </ClInclude>
    <ClInclude Include="src\generate\KingJumps.hpp">
      <Filter>Source Files\generate</Filter>
    </ClInclude>
    <ClInclude Include="src\generate\KingMoves.hpp">
      <Filter>Source Files\generate</Filter>
    </ClInclude>
    <ClInclude Include="src\generate\PawnJumps.hpp">
      <Filter>Source Files\generate</Filter>
    </ClInclude>
    <ClInclude Include="src\generate\PawnMoves.hpp">
      <Filter>Source Files\generate</Filter>
    </ClInclude>
    <ClInclude Include="src\node\Move.h">
      <Filter>Header Files\node</Filter>
    </ClInclude>
    <ClInclude Include="src\node\Position.h">
      <Filter>Header Files\node</Filter>
    </ClInclude>
    <ClInclude Include="src\node\Predicates.h">
      <Filter>Header Files\node</Filter>
    </ClInclude>
    <ClInclude Include="src\node\Side.h">
      <Filter>Header Files\node</Filter>
    </ClInclude>
    <ClInclude Include="src\node\Stack.h">
      <Filter>Header Files\node</Filter>
    </ClInclude>
    <ClInclude Include="src\node\MakeMove.hpp">
      <Filter>Source Files\node</Filter>
    </ClInclude>
    <ClInclude Include="src\node\Position.hpp">
      <Filter>Source Files\node</Filter>
    </ClInclude>
    <ClInclude Include="src\node\Predicates.hpp">
      <Filter>Source Files\node</Filter>
    </ClInclude>
    <ClInclude Include="src\node\Stack.hpp">
      <Filter>Source Files\node</Filter>
    </ClInclude>
    <ClInclude Include="src\hash\Sign.h">
      <Filter>Header Files\hash</Filter>
    </ClInclude>
    <ClInclude Include="src\hash\Algorithms.h">
      <Filter>Header Files\hash</Filter>
    </ClInclude>
    <ClInclude Include="src\hash\DualMap.h">
      <Filter>Header Files\hash</Filter>
    </ClInclude>
    <ClInclude Include="src\hash\EntryPredicates.h">
      <Filter>Header Files\hash</Filter>
    </ClInclude>
    <ClInclude Include="src\hash\FindInsert.h">
      <Filter>Header Files\hash</Filter>
    </ClInclude>
    <ClInclude Include="src\hash\Map.h">
      <Filter>Header Files\hash</Filter>
    </ClInclude>
    <ClInclude Include="src\hash\Replace.h">
      <Filter>Header Files\hash</Filter>
    </ClInclude>
    <ClInclude Include="src\hash\Sign.hpp">
      <Filter>Source Files\hash</Filter>
    </ClInclude>
    <ClInclude Include="src\hash\DualMap.hpp">
      <Filter>Source Files\hash</Filter>
    </ClInclude>
    <ClInclude Include="src\hash\EntryPredicates.hpp">
      <Filter>Source Files\hash</Filter>
    </ClInclude>
    <ClInclude Include="src\hash\FindInsert.hpp">
      <Filter>Source Files\hash</Filter>
    </ClInclude>
    <ClInclude Include="src\hash\Map.hpp">
      <Filter>Source Files\hash</Filter>
    </ClInclude>
    <ClInclude Include="src\hash\jenkins\Mix.h">
      <Filter>Header Files\hash\jenkins</Filter>
    </ClInclude>
    <ClInclude Include="src\hash\jenkins\Init.h">
      <Filter>Header Files\hash\jenkins</Filter>
    </ClInclude>
    <ClInclude Include="src\hash\jenkins\Mix.hpp">
      <Filter>Source Files\hash\jenkins</Filter>
    </ClInclude>
    <ClInclude Include="src\hash\jenkins\Init.hpp">
      <Filter>Source Files\hash\jenkins</Filter>
    </ClInclude>
    <ClInclude Include="src\hash\zobrist\Random.h">
      <Filter>Header Files\hash\zobrist</Filter>
    </ClInclude>
    <ClInclude Include="src\hash\zobrist\Find.h">
      <Filter>Header Files\hash\zobrist</Filter>
    </ClInclude>
    <ClInclude Include="src\hash\zobrist\Init.h">
      <Filter>Header Files\hash\zobrist</Filter>
    </ClInclude>
    <ClInclude Include="src\hash\zobrist\Find.hpp">
      <Filter>Source Files\hash\zobrist</Filter>
    </ClInclude>
    <ClInclude Include="src\hash\zobrist\Init.hpp">
      <Filter>Source Files\hash\zobrist</Filter>
    </ClInclude>
    <ClInclude Include="src\hash\zobrist\Random.hpp">
      <Filter>Source Files\hash\zobrist</Filter>
    </ClInclude>
    <ClInclude Include="src\evaluate\Weight.h">
      <Filter>Header Files\evaluate</Filter>
    </ClInclude>
    <ClInclude Include="src\evaluate\Evaluate.h">
      <Filter>Header Files\evaluate</Filter>
    </ClInclude>
    <ClInclude Include="src\evaluate\Evaluate.hpp">
      <Filter>Source Files\evaluate</Filter>
    </ClInclude>
    <ClInclude Include="src\node\Material.h">
      <Filter>Header Files\node</Filter>
    </ClInclude>
    <ClInclude Include="src\node\Material.hpp">
      <Filter>Source Files\node</Filter>
    </ClInclude>
    <ClInclude Include="src\node\Restricted.h">
      <Filter>Header Files\node</Filter>
    </ClInclude>
    <ClInclude Include="src\node\Restricted.hpp">
      <Filter>Source Files\node</Filter>
    </ClInclude>
    <ClInclude Include="src\node\Move.hpp">
      <Filter>Source Files\node</Filter>
    </ClInclude>
    <ClInclude Include="src\notation\Notation.h">
      <Filter>Header Files\notation</Filter>
    </ClInclude>
    <ClInclude Include="src\notation\String.h">
      <Filter>Header Files\notation</Filter>
    </ClInclude>
    <ClInclude Include="src\notation\String.hpp">
      <Filter>Source Files\notation</Filter>
    </ClInclude>
    <ClInclude Include="src\setup\Setup.h">
      <Filter>Header Files\setup</Filter>
    </ClInclude>
    <ClInclude Include="src\setup\String.h">
      <Filter>Header Files\setup</Filter>
    </ClInclude>
    <ClInclude Include="src\setup\String.hpp">
      <Filter>Source Files\setup</Filter>
    </ClInclude>
    <ClInclude Include="src\setup\Diagram.h">
      <Filter>Header Files\setup</Filter>
    </ClInclude>
    <ClInclude Include="src\setup\Diagram.hpp">
      <Filter>Source Files\setup</Filter>
    </ClInclude>
    <ClInclude Include="src\rules\Enum.h">
      <Filter>Header Files\rules</Filter>
    </ClInclude>
    <ClInclude Include="src\notation\Types.h">
      <Filter>Header Files\notation</Filter>
    </ClInclude>
    <ClInclude Include="src\notation\Variants.h">
      <Filter>Header Files\notation</Filter>
    </ClInclude>
    <ClInclude Include="src\notation\Thai.h">
      <Filter>Header Files\notation</Filter>
    </ClInclude>
    <ClInclude Include="src\notation\Russian.h">
      <Filter>Header Files\notation</Filter>
    </ClInclude>
    <ClInclude Include="src\notation\Czech.h">
      <Filter>Header Files\notation</Filter>
    </ClInclude>
    <ClInclude Include="src\dxp\BackAcknowledge.h">
      <Filter>Header Files\dxp</Filter>
    </ClInclude>
    <ClInclude Include="src\dxp\BackRequest.h">
      <Filter>Header Files\dxp</Filter>
    </ClInclude>
    <ClInclude Include="src\dxp\Chat.h">
      <Filter>Header Files\dxp</Filter>
    </ClInclude>
    <ClInclude Include="src\dxp\Connection.h">
      <Filter>Header Files\dxp</Filter>
    </ClInclude>
    <ClInclude Include="src\dxp\GameAcknowledge.h">
      <Filter>Header Files\dxp</Filter>
    </ClInclude>
    <ClInclude Include="src\dxp\GameEnd.h">
      <Filter>Header Files\dxp</Filter>
    </ClInclude>
    <ClInclude Include="src\dxp\GameRequest.h">
      <Filter>Header Files\dxp</Filter>
    </ClInclude>
    <ClInclude Include="src\dxp\MessageInterface.h">
      <Filter>Header Files\dxp</Filter>
    </ClInclude>
    <ClInclude Include="src\dxp\Move.h">
      <Filter>Header Files\dxp</Filter>
    </ClInclude>
    <ClInclude Include="src\dxp\Parser.h">
      <Filter>Header Files\dxp</Filter>
    </ClInclude>
    <ClInclude Include="src\dxp\Scanner.h">
      <Filter>Header Files\dxp</Filter>
    </ClInclude>
    <ClInclude Include="src\dxp\Scanner.hpp">
      <Filter>Source Files\dxp</Filter>
    </ClInclude>
    <ClInclude Include="src\dxp\Connection.hpp">
      <Filter>Source Files\dxp</Filter>
    </ClInclude>
    <ClInclude Include="src\dxp\Parser.hpp">
      <Filter>Source Files\dxp</Filter>
    </ClInclude>
    <ClInclude Include="src\pdn\PDN.h">
      <Filter>Header Files\pdn</Filter>
    </ClInclude>
    <ClInclude Include="src\dxp\DXP.h">
      <Filter>Header Files\dxp</Filter>
    </ClInclude>
    <ClInclude Include="src\dxp\Protocol.h">
      <Filter>Header Files\dxp</Filter>
    </ClInclude>
    <ClInclude Include="src\setup\DXP.h">
      <Filter>Header Files\setup</Filter>
    </ClInclude>
    <ClInclude Include="src\setup\PDN.h">
      <Filter>Header Files\setup</Filter>
    </ClInclude>
    <ClInclude Include="src\setup\Token.h">
      <Filter>Header Files\setup</Filter>
    </ClInclude>
    <ClInclude Include="src\setup\Token.hpp">
      <Filter>Source Files\setup</Filter>
    </ClInclude>
    <ClInclude Include="src\setup\Protocols.h">
      <Filter>Header Files\setup</Filter>
    </ClInclude>
    <ClInclude Include="src\capture\Variants.h">
      <Filter>Header Files\capture</Filter>
    </ClInclude>
    <ClInclude Include="src\capture\Frisian.h">
      <Filter>Header Files\capture</Filter>
    </ClInclude>
    <ClInclude Include="src\capture\International.h">
      <Filter>Header Files\capture</Filter>
    </ClInclude>
    <ClInclude Include="src\capture\Italian.h">
      <Filter>Header Files\capture</Filter>
    </ClInclude>
    <ClInclude Include="src\capture\Killer.h">
      <Filter>Header Files\capture</Filter>
    </ClInclude>
    <ClInclude Include="src\capture\Russian.h">
      <Filter>Header Files\capture</Filter>
    </ClInclude>
    <ClInclude Include="src\capture\Spanish.h">
      <Filter>Header Files\capture</Filter>
    </ClInclude>
    <ClInclude Include="src\capture\State.h">
      <Filter>Header Files\capture</Filter>
    </ClInclude>
    <ClInclude Include="src\capture\Value.h">
      <Filter>Header Files\capture</Filter>
    </ClInclude>
    <ClInclude Include="src\capture\Value.hpp">
      <Filter>Source Files\capture</Filter>
    </ClInclude>
    <ClInclude Include="src\capture\State.hpp">
      <Filter>Source Files\capture</Filter>
    </ClInclude>
    <ClInclude Include="src\utils\Iota.h">
      <Filter>Header Files\utils</Filter>
    </ClInclude>
    <ClInclude Include="src\utils\Iota.hpp">
      <Filter>Source Files\utils</Filter>
    </ClInclude>
    <ClInclude Include="src\bit\Lookup.h">
      <Filter>Header Files\bit</Filter>
    </ClInclude>
    <ClInclude Include="src\bit\Bit.h">
      <Filter>Header Files\bit</Filter>
    </ClInclude>
    <ClInclude Include="src\bit\DeBruijn.h">
      <Filter>Header Files\bit</Filter>
    </ClInclude>
    <ClInclude Include="src\bit\Lookup.hpp">
      <Filter>Source Files\bit</Filter>
    </ClInclude>
    <ClInclude Include="src\bit\Bit.hpp">
      <Filter>Source Files\bit</Filter>
    </ClInclude>
    <ClInclude Include="src\bit\DeBruijn.hpp">
      <Filter>Source Files\bit</Filter>
    </ClInclude>
  </ItemGroup>
  <ItemGroup>
    <ClCompile Include="src\utils\Timer.cpp">
      <Filter>Source Files\utils</Filter>
    </ClCompile>
    <ClCompile Include="src\utils\Statistics.cpp">
      <Filter>Source Files\utils</Filter>
    </ClCompile>
    <ClCompile Include="src\search\Transposition.cpp">
      <Filter>Source Files\search</Filter>
    </ClCompile>
    <ClCompile Include="src\search\Parameters.cpp">
      <Filter>Source Files\search</Filter>
    </ClCompile>
    <ClCompile Include="src\search\Root.cpp">
      <Filter>Source Files\search</Filter>
    </ClCompile>
    <ClCompile Include="src\search\Score.cpp">
      <Filter>Source Files\search</Filter>
    </ClCompile>
    <ClCompile Include="src\walk\Transposition.cpp">
      <Filter>Source Files\walk</Filter>
    </ClCompile>
    <ClCompile Include="src\walk\Root.cpp">
      <Filter>Source Files\walk</Filter>
    </ClCompile>
    <ClCompile Include="src\node\Predicates.cpp">
      <Filter>Source Files\node</Filter>
    </ClCompile>
    <ClCompile Include="src\node\Stack.cpp">
      <Filter>Source Files\node</Filter>
    </ClCompile>
    <ClCompile Include="src\hash\jenkins\Mix.cpp">
      <Filter>Source Files\hash\jenkins</Filter>
    </ClCompile>
    <ClCompile Include="src\hash\zobrist\Random.cpp">
      <Filter>Source Files\hash\zobrist</Filter>
    </ClCompile>
    <ClCompile Include="src\evaluate\Weight.cpp">
      <Filter>Source Files\evaluate</Filter>
    </ClCompile>
    <ClCompile Include="src\node\Material.cpp">
      <Filter>Source Files\node</Filter>
    </ClCompile>
    <ClCompile Include="src\node\Restricted.cpp">
      <Filter>Source Files\node</Filter>
    </ClCompile>
    <ClCompile Include="src\node\Move.cpp">
      <Filter>Source Files\node</Filter>
    </ClCompile>
    <ClCompile Include="src\dxp\BackAcknowledge.cpp">
      <Filter>Source Files\dxp</Filter>
    </ClCompile>
    <ClCompile Include="src\dxp\BackRequest.cpp">
      <Filter>Source Files\dxp</Filter>
    </ClCompile>
    <ClCompile Include="src\dxp\Chat.cpp">
      <Filter>Source Files\dxp</Filter>
    </ClCompile>
    <ClCompile Include="src\dxp\GameAcknowledge.cpp">
      <Filter>Source Files\dxp</Filter>
    </ClCompile>
    <ClCompile Include="src\dxp\GameEnd.cpp">
      <Filter>Source Files\dxp</Filter>
    </ClCompile>
    <ClCompile Include="src\dxp\GameRequest.cpp">
      <Filter>Source Files\dxp</Filter>
    </ClCompile>
    <ClCompile Include="src\dxp\MessageInterface.cpp">
      <Filter>Source Files\dxp</Filter>
    </ClCompile>
    <ClCompile Include="src\dxp\Move.cpp">
      <Filter>Source Files\dxp</Filter>
    </ClCompile>
    <ClCompile Include="src\capture\Frisian.cpp">
      <Filter>Source Files\capture</Filter>
    </ClCompile>
    <ClCompile Include="src\capture\International.cpp">
      <Filter>Source Files\capture</Filter>
    </ClCompile>
    <ClCompile Include="src\capture\Italian.cpp">
      <Filter>Source Files\capture</Filter>
    </ClCompile>
    <ClCompile Include="src\capture\Killer.cpp">
      <Filter>Source Files\capture</Filter>
    </ClCompile>
    <ClCompile Include="src\capture\Russian.cpp">
      <Filter>Source Files\capture</Filter>
    </ClCompile>
    <ClCompile Include="src\capture\Spanish.cpp">
      <Filter>Source Files\capture</Filter>
    </ClCompile>
    <ClCompile Include="src\bit\DeBruijn.cpp">
      <Filter>Source Files\bit</Filter>
    </ClCompile>
    <ClCompile Include="src\bit\Lookup.cpp">
      <Filter>Source Files\bit</Filter>
    </ClCompile>
  </ItemGroup>
</Project>