<?xml version="1.0" encoding="utf-8"?>
<Project ToolsVersion="4.0" xmlns="http://schemas.microsoft.com/developer/msbuild/2003">
  <ItemGroup>
    <Filter Include="Source Files">
      <UniqueIdentifier>{4FC737F1-C7A5-4376-A066-2A32D752A2FF}</UniqueIdentifier>
      <Extensions>cpp;c;cc;cxx;def;odl;idl;hpj;bat;asm;asmx</Extensions>
    </Filter>
    <Filter Include="Header Files">
      <UniqueIdentifier>{93995380-89BD-4b04-88EB-625FBE52EBFB}</UniqueIdentifier>
      <Extensions>h;hpp;hxx;hm;inl;inc;xsd</Extensions>
    </Filter>
    <Filter Include="Resource Files">
      <UniqueIdentifier>{67DA6AB6-F800-4c08-8B7A-83BB121AAD01}</UniqueIdentifier>
      <Extensions>rc;ico;cur;bmp;dlg;rc2;rct;bin;rgs;gif;jpg;jpeg;jpe;resx;tiff;tif;png;wav;mfcribbon-ms</Extensions>
    </Filter>
    <Filter Include="Source Files\DamExchange">
      <UniqueIdentifier>{9a60d530-3f53-48ff-ac9c-786525623ad1}</UniqueIdentifier>
    </Filter>
    <Filter Include="Source Files\DamExchange\Layer1">
      <UniqueIdentifier>{4bc3b57b-66fa-40a9-92fe-ce8da7e491cf}</UniqueIdentifier>
    </Filter>
    <Filter Include="Source Files\DamExchange\Layer2">
      <UniqueIdentifier>{3b37198a-26ca-4ec2-bc07-8994d2cb2a56}</UniqueIdentifier>
    </Filter>
    <Filter Include="Source Files\Utilities">
      <UniqueIdentifier>{cb134f5f-b366-4cd5-b60c-bd22e3f9803d}</UniqueIdentifier>
    </Filter>
    <Filter Include="Source Files\Tree">
      <UniqueIdentifier>{3bdb47d7-38c1-460d-8d7c-9b30d24e081a}</UniqueIdentifier>
    </Filter>
    <Filter Include="Source Files\Tree\Search">
      <UniqueIdentifier>{46f28f37-070c-4069-a1ce-f7b5350fb5fc}</UniqueIdentifier>
    </Filter>
    <Filter Include="Source Files\Tree\Walk">
      <UniqueIdentifier>{3294b551-3e24-42c8-acd7-3c03f32be15d}</UniqueIdentifier>
    </Filter>
    <Filter Include="Source Files\Tree\Generate">
      <UniqueIdentifier>{c32c176a-d5fd-4e7a-85e4-e8eb61648cbf}</UniqueIdentifier>
    </Filter>
  </ItemGroup>
  <ItemGroup>
    <ClCompile Include="Source\test_main.cpp">
      <Filter>Source Files</Filter>
    </ClCompile>
    <ClCompile Include="Source\DamExchange\Layer2\Parser.cpp">
      <Filter>Source Files\DamExchange\Layer2</Filter>
    </ClCompile>
    <ClCompile Include="Source\Utilities\Bit.cpp">
      <Filter>Source Files\Utilities</Filter>
    </ClCompile>
    <ClCompile Include="Source\Tree\Search\Value.cpp">
      <Filter>Source Files\Tree\Search</Filter>
    </ClCompile>
    <ClCompile Include="Source\Tree\Search\Root.cpp">
      <Filter>Source Files\Tree\Search</Filter>
    </ClCompile>
    <ClCompile Include="Source\Tree\Walk\Root.cpp">
      <Filter>Source Files\Tree\Walk</Filter>
    </ClCompile>
    <ClCompile Include="Source\Tree\Generate\Successors.cpp">
      <Filter>Source Files\Tree\Generate</Filter>
    </ClCompile>
  </ItemGroup>
</Project>